
Microsoft Visual Studio Solution File, Format Version 12.00
# Visual Studio Version 17
VisualStudioVersion = 17.2.32630.192
MinimumVisualStudioVersion = 10.0.40219.1
Project("{9A19103F-16F7-4668-BE54-9A1E7A4F7556}") = "Codemancer.Extensions.Wcf", "src\Codemancer.Extensions.Wcf.csproj", "{5D6C0524-341B-480F-BF5A-A84726D9A96A}"
EndProject
Project("{9A19103F-16F7-4668-BE54-9A1E7A4F7556}") = "Codemancer.Extensions.Wcf.Tests", "tests\Codemancer.Extensions.Wcf.Tests.csproj", "{1AA3D347-B16D-42F1-BD1D-A4DC5F9773C0}"
EndProject
Global
	GlobalSection(SolutionConfigurationPlatforms) = preSolution
		Debug|Any CPU = Debug|Any CPU
		Release|Any CPU = Release|Any CPU
	EndGlobalSection
	GlobalSection(ProjectConfigurationPlatforms) = postSolution
		{5D6C0524-341B-480F-BF5A-A84726D9A96A}.Debug|Any CPU.ActiveCfg = Debug|Any CPU
		{5D6C0524-341B-480F-BF5A-A84726D9A96A}.Debug|Any CPU.Build.0 = Debug|Any CPU
		{5D6C0524-341B-480F-BF5A-A84726D9A96A}.Release|Any CPU.ActiveCfg = Release|Any CPU
		{5D6C0524-341B-480F-BF5A-A84726D9A96A}.Release|Any CPU.Build.0 = Release|Any CPU
		{1AA3D347-B16D-42F1-BD1D-A4DC5F9773C0}.Debug|Any CPU.ActiveCfg = Debug|Any CPU
		{1AA3D347-B16D-42F1-BD1D-A4DC5F9773C0}.Debug|Any CPU.Build.0 = Debug|Any CPU
		{1AA3D347-B16D-42F1-BD1D-A4DC5F9773C0}.Release|Any CPU.ActiveCfg = Release|Any CPU
		{1AA3D347-B16D-42F1-BD1D-A4DC5F9773C0}.Release|Any CPU.Build.0 = Release|Any CPU
	EndGlobalSection
	GlobalSection(SolutionProperties) = preSolution
		HideSolutionNode = FALSE
	EndGlobalSection
	GlobalSection(ExtensibilityGlobals) = postSolution
		SolutionGuid = {21A25D7E-BE2B-4744-9013-F54173976224}
	EndGlobalSection
EndGlobal
